[[package]]
name = "ansible"
version = "2.9.5"
description = "Radically simple IT automation"
category = "main"
optional = false
python-versions = ">=2.7,!=3.0.*,!=3.1.*,!=3.2.*,!=3.3.*,!=3.4.*"

[package.dependencies]
cryptography = "*"
jinja2 = "*"
PyYAML = "*"

[package.extras]
azure = ["packaging", "requests", "xmltodict", "azure-cli-core (==2.0.35)", "azure-cli-nspkg (==3.0.2)", "azure-common (==1.1.11)", "azure-mgmt-authorization (==0.51.1)", "azure-mgmt-batch (==5.0.1)", "azure-mgmt-cdn (==3.0.0)", "azure-mgmt-compute (==4.4.0)", "azure-mgmt-containerinstance (==1.4.0)", "azure-mgmt-containerregistry (==2.0.0)", "azure-mgmt-containerservice (==4.4.0)", "azure-mgmt-dns (==2.1.0)", "azure-mgmt-keyvault (==1.1.0)", "azure-mgmt-marketplaceordering (==0.1.0)", "azure-mgmt-monitor (==0.5.2)", "azure-mgmt-network (==2.3.0)", "azure-mgmt-nspkg (==2.0.0)", "azure-mgmt-redis (==5.0.0)", "azure-mgmt-resource (==2.1.0)", "azure-mgmt-rdbms (==1.4.1)", "azure-mgmt-servicebus (==0.5.3)", "azure-mgmt-sql (==0.10.0)", "azure-mgmt-storage (==3.1.0)", "azure-mgmt-trafficmanager (==0.50.0)", "azure-mgmt-web (==0.41.0)", "azure-nspkg (==2.0.0)", "azure-storage (==0.35.1)", "msrest (==0.6.1)", "msrestazure (==0.5.0)", "azure-keyvault (==1.0.0a1)", "azure-graphrbac (==0.40.0)", "azure-mgmt-cosmosdb (==0.5.2)", "azure-mgmt-hdinsight (==0.1.0)", "azure-mgmt-devtestlabs (==3.0.0)", "azure-mgmt-loganalytics (==0.2.0)", "azure-mgmt-automation (==0.1.1)", "azure-mgmt-iothub (==0.7.0)"]

[[package]]
name = "ansible-lint"
version = "4.3.7"
description = "Checks playbooks for practices and behaviour that could potentially be improved"
category = "dev"
optional = false
python-versions = ">=3.6"

[package.dependencies]
ansible = ">=2.8"
pyyaml = "*"
rich = "*"
"ruamel.yaml" = [
    {version = ">=0.15.34,<1", markers = "python_version < \"3.7\""},
    {version = ">=0.15.37,<1", markers = "python_version >= \"3.7\""},
]
typing-extensions = {version = "*", markers = "python_version < \"3.8\""}

[[package]]
name = "arrow"
version = "0.17.0"
description = "Better dates & times for Python"
category = "dev"
optional = false
python-versions = ">=2.7, !=3.0.*, !=3.1.*, !=3.2.*, !=3.3.*, !=3.4.*"

[package.dependencies]
python-dateutil = ">=2.7.0"

[[package]]
name = "atomicwrites"
version = "1.4.0"
description = "Atomic file writes."
category = "dev"
optional = false
python-versions = ">=2.7, !=3.0.*, !=3.1.*, !=3.2.*, !=3.3.*"

[[package]]
name = "attrs"
version = "20.2.0"
description = "Classes Without Boilerplate"
category = "dev"
optional = false
python-versions = ">=2.7, !=3.0.*, !=3.1.*, !=3.2.*, !=3.3.*"

[package.extras]
dev = ["coverage[toml] (>=5.0.2)", "hypothesis", "pympler", "pytest (>=4.3.0)", "six", "zope.interface", "sphinx", "sphinx-rtd-theme", "pre-commit"]
docs = ["sphinx", "sphinx-rtd-theme", "zope.interface"]
tests = ["coverage[toml] (>=5.0.2)", "hypothesis", "pympler", "pytest (>=4.3.0)", "six", "zope.interface"]
tests_no_zope = ["coverage[toml] (>=5.0.2)", "hypothesis", "pympler", "pytest (>=4.3.0)", "six"]

[[package]]
name = "bcrypt"
version = "3.2.0"
description = "Modern password hashing for your software and your servers"
category = "dev"
optional = false
python-versions = ">=3.6"

[package.dependencies]
cffi = ">=1.1"
six = ">=1.4.1"

[package.extras]
tests = ["pytest (>=3.2.1,!=3.3.0)"]
typecheck = ["mypy"]

[[package]]
name = "binaryornot"
version = "0.4.4"
description = "Ultra-lightweight pure Python package to check if a file is binary or text."
category = "dev"
optional = false
python-versions = "*"

[package.dependencies]
chardet = ">=3.0.2"

[[package]]
name = "cerberus"
version = "1.3.2"
description = "Lightweight, extensible schema and data validation tool for Python dictionaries."
category = "dev"
optional = false
python-versions = ">=2.7"

[[package]]
name = "certifi"
version = "2020.6.20"
description = "Python package for providing Mozilla's CA Bundle."
category = "dev"
optional = false
python-versions = "*"

[[package]]
name = "cffi"
version = "1.14.3"
description = "Foreign Function Interface for Python calling C code."
category = "main"
optional = false
python-versions = "*"

[package.dependencies]
pycparser = "*"

[[package]]
name = "chardet"
version = "3.0.4"
description = "Universal encoding detector for Python 2 and 3"
category = "dev"
optional = false
python-versions = "*"

[[package]]
name = "click"
version = "7.1.2"
description = "Composable command line interface toolkit"
category = "dev"
optional = false
python-versions = ">=2.7, !=3.0.*, !=3.1.*, !=3.2.*, !=3.3.*, !=3.4.*"

[[package]]
name = "click-completion"
version = "0.5.2"
description = "Fish, Bash, Zsh and PowerShell completion for Click"
category = "dev"
optional = false
python-versions = "*"

[package.dependencies]
click = "*"
jinja2 = "*"
shellingham = "*"
six = "*"

[[package]]
name = "click-help-colors"
version = "0.8"
description = "Colorization of help messages in Click"
category = "dev"
optional = false
python-versions = "*"

[package.dependencies]
click = ">=7.0"

[package.extras]
dev = ["pytest"]

[[package]]
name = "colorama"
version = "0.4.4"
description = "Cross-platform colored terminal text."
category = "dev"
optional = false
python-versions = ">=2.7, !=3.0.*, !=3.1.*, !=3.2.*, !=3.3.*, !=3.4.*"

[[package]]
name = "commonmark"
version = "0.9.1"
description = "Python parser for the CommonMark Markdown spec"
category = "dev"
optional = false
python-versions = "*"

[package.extras]
test = ["flake8 (==3.7.8)", "hypothesis (==3.55.3)"]

[[package]]
name = "cookiecutter"
version = "1.7.2"
description = "A command-line utility that creates projects from project templates, e.g. creating a Python package project from a Python package project template."
category = "dev"
optional = false
python-versions = ">=2.7, !=3.0.*, !=3.1.*, !=3.2.*, !=3.3.*, !=3.4.*"

[package.dependencies]
binaryornot = ">=0.4.4"
click = ">=7.0"
Jinja2 = "<3.0.0"
jinja2-time = ">=0.2.0"
MarkupSafe = "<2.0.0"
poyo = ">=0.5.0"
python-slugify = ">=4.0.0"
requests = ">=2.23.0"
six = ">=1.10"

[[package]]
name = "cryptography"
version = "3.2.1"
description = "cryptography is a package which provides cryptographic recipes and primitives to Python developers."
category = "main"
optional = false
python-versions = ">=2.7,!=3.0.*,!=3.1.*,!=3.2.*,!=3.3.*,!=3.4.*"

[package.dependencies]
cffi = ">=1.8,<1.11.3 || >1.11.3"
six = ">=1.4.1"

[package.extras]
docs = ["sphinx (>=1.6.5,!=1.8.0,!=3.1.0,!=3.1.1)", "sphinx-rtd-theme"]
docstest = ["doc8", "pyenchant (>=1.6.11)", "twine (>=1.12.0)", "sphinxcontrib-spelling (>=4.0.1)"]
pep8test = ["black", "flake8", "flake8-import-order", "pep8-naming"]
ssh = ["bcrypt (>=3.1.5)"]
test = ["pytest (>=3.6.0,!=3.9.0,!=3.9.1,!=3.9.2)", "pretend", "iso8601", "pytz", "hypothesis (>=1.11.4,!=3.79.2)"]

[[package]]
name = "dataclasses"
version = "0.7"
description = "A backport of the dataclasses module for Python 3.6"
category = "dev"
optional = false
python-versions = ">=3.6, <3.7"

[[package]]
name = "distro"
version = "1.5.0"
description = "Distro - an OS platform information API"
category = "dev"
optional = false
python-versions = "*"

[[package]]
name = "docker"
version = "4.3.1"
description = "A Python library for the Docker Engine API."
category = "dev"
optional = false
python-versions = ">=2.7, !=3.0.*, !=3.1.*, !=3.2.*, !=3.3.*, !=3.4.*"

[package.dependencies]
pywin32 = {version = "227", markers = "sys_platform == \"win32\""}
requests = ">=2.14.2,<2.18.0 || >2.18.0"
six = ">=1.4.0"
websocket-client = ">=0.32.0"

[package.extras]
ssh = ["paramiko (>=2.4.2)"]
tls = ["pyOpenSSL (>=17.5.0)", "cryptography (>=1.3.4)", "idna (>=2.0.0)"]

[[package]]
name = "fasteners"
version = "0.15"
description = "A python package that provides useful locks."
category = "dev"
optional = false
python-versions = "*"

[package.dependencies]
monotonic = ">=0.1"
six = "*"

[[package]]
name = "flake8"
version = "3.8.4"
description = "the modular source code checker: pep8 pyflakes and co"
category = "dev"
optional = false
python-versions = "!=3.0.*,!=3.1.*,!=3.2.*,!=3.3.*,>=2.7"

[package.dependencies]
importlib-metadata = {version = "*", markers = "python_version < \"3.8\""}
mccabe = ">=0.6.0,<0.7.0"
pycodestyle = ">=2.6.0a1,<2.7.0"
pyflakes = ">=2.2.0,<2.3.0"

[[package]]
name = "idna"
version = "2.10"
description = "Internationalized Domain Names in Applications (IDNA)"
category = "dev"
optional = false
python-versions = ">=2.7, !=3.0.*, !=3.1.*, !=3.2.*, !=3.3.*"

[[package]]
name = "importlib-metadata"
version = "2.0.0"
description = "Read metadata from Python packages"
category = "dev"
optional = false
python-versions = "!=3.0.*,!=3.1.*,!=3.2.*,!=3.3.*,!=3.4.*,>=2.7"

[package.dependencies]
zipp = ">=0.5"

[package.extras]
docs = ["sphinx", "rst.linker"]
testing = ["packaging", "pep517", "importlib-resources (>=1.3)"]

[[package]]
name = "jinja2"
version = "2.11.2"
description = "A very fast and expressive template engine."
category = "main"
optional = false
python-versions = ">=2.7, !=3.0.*, !=3.1.*, !=3.2.*, !=3.3.*, !=3.4.*"

[package.dependencies]
MarkupSafe = ">=0.23"

[package.extras]
i18n = ["Babel (>=0.8)"]

[[package]]
name = "jinja2-time"
version = "0.2.0"
description = "Jinja2 Extension for Dates and Times"
category = "dev"
optional = false
python-versions = "*"

[package.dependencies]
arrow = "*"
jinja2 = "*"

[[package]]
name = "markupsafe"
version = "1.1.1"
description = "Safely add untrusted strings to HTML/XML markup."
category = "main"
optional = false
python-versions = ">=2.7,!=3.0.*,!=3.1.*,!=3.2.*,!=3.3.*"

[[package]]
name = "mccabe"
version = "0.6.1"
description = "McCabe checker, plugin for flake8"
category = "dev"
optional = false
python-versions = "*"

[[package]]
name = "molecule"
version = "3.0.8"
description = "Molecule aids in the development and testing of Ansible roles"
category = "dev"
optional = false
python-versions = ">=3.6"

[package.dependencies]
ansible = ">=2.8"
cerberus = ">=1.3.1"
click = ">=7.0"
click-completion = ">=0.5.1"
click-help-colors = ">=0.6"
colorama = ">=0.3.9"
cookiecutter = ">=1.6.0,<1.7.1 || >1.7.1"
docker = {version = ">=2.0.0", optional = true, markers = "extra == \"docker\""}
Jinja2 = ">=2.10.1"
paramiko = ">=2.5.0,<3"
pexpect = ">=4.6.0,<5"
pluggy = ">=0.7.1,<1.0"
python-gilt = ">=1.2.1,<2"
PyYAML = ">=5.1,<6"
selinux = {version = "*", markers = "sys_platform == \"linux\" or sys_platform == \"linux2\""}
sh = ">=1.13.1,<1.14"
tabulate = ">=0.8.4"
tree-format = ">=0.1.2"
yamllint = ">=1.15.0,<2"

[package.extras]
docker = ["docker (>=2.0.0)"]
docs = ["simplejson", "sphinx", "sphinx-ansible-theme (>=0.2.2)"]
lint = ["ansible-lint (>=4.2.0,<5)", "flake8 (>=3.6.0)", "pre-commit (>=1.21.0)", "yamllint (>=1.15.0)"]
test = ["ansi2html", "coverage (<5)", "mock (>=3.0.5,<4)", "packaging", "pytest-cov (>=2.7.1,<3)", "pytest-helpers-namespace (>=2019.1.8,<2020)", "pytest-html (>=1.21.0)", "pytest-mock (>=1.10.4,<2)", "pytest-verbose-parametrize (>=1.7.0,<2)", "pytest-plus", "pytest-xdist (>=1.29.0,<2)", "pytest (>=5.4.0,<5.5)", "testinfra (>=3.4.0)"]
windows = ["pywinrm"]

[[package]]
name = "monotonic"
version = "1.5"
description = "An implementation of time.monotonic() for Python 2 & < 3.3"
category = "dev"
optional = false
python-versions = "*"

[[package]]
name = "more-itertools"
version = "8.6.0"
description = "More routines for operating on iterables, beyond itertools"
category = "dev"
optional = false
python-versions = ">=3.5"

[[package]]
name = "packaging"
version = "20.4"
description = "Core utilities for Python packages"
category = "dev"
optional = false
python-versions = ">=2.7, !=3.0.*, !=3.1.*, !=3.2.*, !=3.3.*"

[package.dependencies]
pyparsing = ">=2.0.2"
six = "*"

[[package]]
name = "paramiko"
version = "2.7.2"
description = "SSH2 protocol library"
category = "dev"
optional = false
python-versions = "*"

[package.dependencies]
bcrypt = ">=3.1.3"
cryptography = ">=2.5"
pynacl = ">=1.0.1"

[package.extras]
all = ["pyasn1 (>=0.1.7)", "pynacl (>=1.0.1)", "bcrypt (>=3.1.3)", "invoke (>=1.3)", "gssapi (>=1.4.1)", "pywin32 (>=2.1.8)"]
ed25519 = ["pynacl (>=1.0.1)", "bcrypt (>=3.1.3)"]
gssapi = ["pyasn1 (>=0.1.7)", "gssapi (>=1.4.1)", "pywin32 (>=2.1.8)"]
invoke = ["invoke (>=1.3)"]

[[package]]
name = "pathspec"
version = "0.8.0"
description = "Utility library for gitignore style pattern matching of file paths."
category = "dev"
optional = false
python-versions = ">=2.7, !=3.0.*, !=3.1.*, !=3.2.*, !=3.3.*, !=3.4.*"

[[package]]
name = "pexpect"
version = "4.8.0"
description = "Pexpect allows easy control of interactive console applications."
category = "dev"
optional = false
python-versions = "*"

[package.dependencies]
ptyprocess = ">=0.5"

[[package]]
name = "pluggy"
version = "0.13.1"
description = "plugin and hook calling mechanisms for python"
category = "dev"
optional = false
python-versions = ">=2.7, !=3.0.*, !=3.1.*, !=3.2.*, !=3.3.*"

[package.dependencies]
importlib-metadata = {version = ">=0.12", markers = "python_version < \"3.8\""}

[package.extras]
dev = ["pre-commit", "tox"]

[[package]]
name = "poyo"
version = "0.5.0"
description = "A lightweight YAML Parser for Python. 🐓"
category = "dev"
optional = false
python-versions = ">=2.7, !=3.0.*, !=3.1.*, !=3.2.*, !=3.3.*"

[[package]]
name = "ptyprocess"
version = "0.6.0"
description = "Run a subprocess in a pseudo terminal"
category = "dev"
optional = false
python-versions = "*"

[[package]]
name = "py"
version = "1.9.0"
description = "library with cross-python path, ini-parsing, io, code, log facilities"
category = "dev"
optional = false
python-versions = ">=2.7, !=3.0.*, !=3.1.*, !=3.2.*, !=3.3.*"

[[package]]
name = "pycodestyle"
version = "2.6.0"
description = "Python style guide checker"
category = "dev"
optional = false
python-versions = ">=2.7, !=3.0.*, !=3.1.*, !=3.2.*, !=3.3.*"

[[package]]
name = "pycparser"
version = "2.20"
description = "C parser in Python"
category = "main"
optional = false
python-versions = ">=2.7, !=3.0.*, !=3.1.*, !=3.2.*, !=3.3.*"

[[package]]
name = "pyflakes"
version = "2.2.0"
description = "passive checker of Python programs"
category = "dev"
optional = false
python-versions = ">=2.7, !=3.0.*, !=3.1.*, !=3.2.*, !=3.3.*"

[[package]]
name = "pygments"
version = "2.7.2"
description = "Pygments is a syntax highlighting package written in Python."
category = "dev"
optional = false
python-versions = ">=3.5"

[[package]]
name = "pynacl"
version = "1.4.0"
description = "Python binding to the Networking and Cryptography (NaCl) library"
category = "dev"
optional = false
python-versions = ">=2.7, !=3.0.*, !=3.1.*, !=3.2.*, !=3.3.*"

[package.dependencies]
cffi = ">=1.4.1"
six = "*"

[package.extras]
docs = ["sphinx (>=1.6.5)", "sphinx-rtd-theme"]
tests = ["pytest (>=3.2.1,!=3.3.0)", "hypothesis (>=3.27.0)"]

[[package]]
name = "pyparsing"
version = "2.4.7"
description = "Python parsing module"
category = "dev"
optional = false
python-versions = ">=2.6, !=3.0.*, !=3.1.*, !=3.2.*"

[[package]]
name = "pytest"
version = "5.4.3"
description = "pytest: simple powerful testing with Python"
category = "dev"
optional = false
python-versions = ">=3.5"

[package.dependencies]
atomicwrites = {version = ">=1.0", markers = "sys_platform == \"win32\""}
attrs = ">=17.4.0"
colorama = {version = "*", markers = "sys_platform == \"win32\""}
importlib-metadata = {version = ">=0.12", markers = "python_version < \"3.8\""}
more-itertools = ">=4.0.0"
packaging = "*"
pluggy = ">=0.12,<1.0"
py = ">=1.5.0"
wcwidth = "*"

[package.extras]
checkqa-mypy = ["mypy (==v0.761)"]
testing = ["argcomplete", "hypothesis (>=3.56)", "mock", "nose", "requests", "xmlschema"]

[[package]]
name = "python-dateutil"
version = "2.8.1"
description = "Extensions to the standard Python datetime module"
category = "dev"
optional = false
python-versions = "!=3.0.*,!=3.1.*,!=3.2.*,>=2.7"

[package.dependencies]
six = ">=1.5"

[[package]]
name = "python-gilt"
version = "1.2.3"
description = "gilt - A GIT layering tool."
category = "dev"
optional = false
python-versions = ">=3.6"

[package.dependencies]
click = "*"
colorama = "*"
fasteners = "*"
PyYAML = "*"
sh = "*"

[package.extras]
test = ["black (==19.10b0)", "flake8", "hacking", "pep517", "pytest", "pytest-cov", "pytest-helpers-namespace", "pytest-mock", "twine"]

[[package]]
name = "python-slugify"
version = "4.0.1"
description = "A Python Slugify application that handles Unicode"
category = "dev"
optional = false
python-versions = ">=2.7, !=3.0.*, !=3.1.*, !=3.2.*, !=3.3.*, !=3.4.*"

[package.dependencies]
text-unidecode = ">=1.3"

[package.extras]
unidecode = ["Unidecode (>=1.1.1)"]

[[package]]
name = "pywin32"
version = "227"
description = "Python for Window Extensions"
category = "dev"
optional = false
python-versions = "*"

[[package]]
name = "pyyaml"
version = "5.3.1"
description = "YAML parser and emitter for Python"
category = "main"
optional = false
python-versions = ">=2.7, !=3.0.*, !=3.1.*, !=3.2.*, !=3.3.*, !=3.4.*"

[[package]]
name = "requests"
version = "2.24.0"
description = "Python HTTP for Humans."
category = "dev"
optional = false
python-versions = ">=2.7, !=3.0.*, !=3.1.*, !=3.2.*, !=3.3.*, !=3.4.*"

[package.dependencies]
certifi = ">=2017.4.17"
chardet = ">=3.0.2,<4"
idna = ">=2.5,<3"
urllib3 = ">=1.21.1,<1.25.0 || >1.25.0,<1.25.1 || >1.25.1,<1.26"

[package.extras]
security = ["pyOpenSSL (>=0.14)", "cryptography (>=1.3.4)"]
socks = ["PySocks (>=1.5.6,!=1.5.7)", "win-inet-pton"]

[[package]]
name = "rich"
version = "9.1.0"
description = "Render rich text, tables, progress bars, syntax highlighting, markdown and more to the terminal"
category = "dev"
optional = false
python-versions = ">=3.6,<4.0"

[package.dependencies]
colorama = ">=0.4.0,<0.5.0"
commonmark = ">=0.9.0,<0.10.0"
dataclasses = {version = ">=0.7,<0.8", markers = "python_version >= \"3.6\" and python_version < \"3.7\""}
pygments = ">=2.6.0,<3.0.0"
typing-extensions = ">=3.7.4,<4.0.0"

[package.extras]
jupyter = ["ipywidgets (>=7.5.1,<8.0.0)"]

[[package]]
name = "ruamel.yaml"
version = "0.16.12"
description = "ruamel.yaml is a YAML parser/emitter that supports roundtrip preservation of comments, seq/map flow style, and map key order"
category = "dev"
optional = false
python-versions = "*"

[package.dependencies]
"ruamel.yaml.clib" = {version = ">=0.1.2", markers = "platform_python_implementation == \"CPython\" and python_version < \"3.9\""}

[package.extras]
docs = ["ryd"]
jinja2 = ["ruamel.yaml.jinja2 (>=0.2)"]

[[package]]
name = "ruamel.yaml.clib"
version = "0.2.2"
description = "C version of reader, parser and emitter for ruamel.yaml derived from libyaml"
category = "dev"
optional = false
python-versions = "*"

[[package]]
name = "selinux"
version = "0.2.1"
description = "shim selinux module"
category = "dev"
optional = false
python-versions = "!=3.0.*,!=3.1.*,!=3.2.*,!=3.3.*,>=2.7"

[package.dependencies]
distro = ">=1.3.0"

[[package]]
name = "sh"
version = "1.13.1"
description = "Python subprocess replacement"
category = "dev"
optional = false
python-versions = "*"

[[package]]
name = "shellingham"
version = "1.3.2"
description = "Tool to Detect Surrounding Shell"
category = "dev"
optional = false
python-versions = "!=3.0,!=3.1,!=3.2,!=3.3,>=2.6"

[[package]]
name = "six"
version = "1.15.0"
description = "Python 2 and 3 compatibility utilities"
category = "main"
optional = false
python-versions = ">=2.7, !=3.0.*, !=3.1.*, !=3.2.*"

[[package]]
name = "tabulate"
version = "0.8.7"
description = "Pretty-print tabular data"
category = "dev"
optional = false
python-versions = "*"

[package.extras]
widechars = ["wcwidth"]

[[package]]
name = "testinfra"
version = "5.3.1"
description = "Test infrastructures"
category = "dev"
optional = false
python-versions = ">=3.5"

[package.dependencies]
pytest = "!=3.0.2"

[package.extras]
ansible = ["ansible"]
paramiko = ["paramiko"]
salt = ["salt"]
winrm = ["pywinrm"]

[[package]]
name = "text-unidecode"
version = "1.3"
description = "The most basic Text::Unidecode port"
category = "dev"
optional = false
python-versions = "*"

[[package]]
name = "tree-format"
version = "0.1.2"
description = ""
category = "dev"
optional = false
python-versions = "*"

[package.extras]
dev = ["pytest (>=2.7.1)", "testtools (>=1.8.0)"]

[[package]]
name = "typing-extensions"
version = "3.7.4.3"
description = "Backported and Experimental Type Hints for Python 3.5+"
category = "dev"
optional = false
python-versions = "*"

[[package]]
name = "urllib3"
version = "1.25.11"
description = "HTTP library with thread-safe connection pooling, file post, and more."
category = "dev"
optional = false
python-versions = ">=2.7, !=3.0.*, !=3.1.*, !=3.2.*, !=3.3.*, !=3.4.*, <4"

[package.extras]
brotli = ["brotlipy (>=0.6.0)"]
secure = ["pyOpenSSL (>=0.14)", "cryptography (>=1.3.4)", "idna (>=2.0.0)", "certifi", "ipaddress"]
socks = ["PySocks (>=1.5.6,!=1.5.7,<2.0)"]

[[package]]
name = "wcwidth"
version = "0.2.5"
description = "Measures the displayed width of unicode strings in a terminal"
category = "dev"
optional = false
python-versions = "*"

[[package]]
name = "websocket-client"
version = "0.57.0"
description = "WebSocket client for Python. hybi13 is supported."
category = "dev"
optional = false
python-versions = ">=2.6, !=3.0.*, !=3.1.*, !=3.2.*, !=3.3.*"

[package.dependencies]
six = "*"

[[package]]
name = "yamllint"
version = "1.27.1"
description = "A linter for YAML files."
category = "dev"
optional = false
python-versions = ">=3.6"

[package.dependencies]
pathspec = ">=0.5.3"
pyyaml = "*"

[[package]]
name = "zipp"
version = "3.4.0"
description = "Backport of pathlib-compatible object wrapper for zip files"
category = "dev"
optional = false
python-versions = ">=3.6"

[package.extras]
docs = ["sphinx", "jaraco.packaging (>=3.2)", "rst.linker (>=1.9)"]
testing = ["pytest (>=3.5,!=3.7.3)", "pytest-checkdocs (>=1.2.3)", "pytest-flake8", "pytest-cov", "jaraco.test (>=3.2.0)", "jaraco.itertools", "func-timeout", "pytest-black (>=0.3.7)", "pytest-mypy"]

[metadata]
lock-version = "1.1"
python-versions = "^3.6"
content-hash = "c59763861c385ae3e3c6e440ca183a7e69b6b192ec1f33f9fd8b31cc6843f713"

[metadata.files]
ansible = []
ansible-lint = []
arrow = []
atomicwrites = []
attrs = []
bcrypt = []
binaryornot = []
cerberus = []
certifi = []
cffi = []
chardet = []
click = []
click-completion = []
click-help-colors = []
colorama = []
commonmark = []
cookiecutter = []
cryptography = []
dataclasses = []
distro = []
docker = []
fasteners = []
flake8 = []
idna = []
importlib-metadata = []
jinja2 = []
jinja2-time = []
markupsafe = []
mccabe = []
molecule = []
monotonic = []
more-itertools = []
packaging = []
paramiko = []
pathspec = []
pexpect = []
pluggy = []
poyo = []
ptyprocess = []
py = []
pycodestyle = []
pycparser = []
pyflakes = []
pygments = []
pynacl = []
pyparsing = []
pytest = []
python-dateutil = []
python-gilt = []
python-slugify = []
pywin32 = []
pyyaml = []
requests = []
rich = []
"ruamel.yaml" = []
"ruamel.yaml.clib" = []
selinux = []
sh = []
shellingham = []
six = []
tabulate = []
testinfra = []
text-unidecode = []
tree-format = []
typing-extensions = []
urllib3 = []
wcwidth = []
websocket-client = []
yamllint = []
zipp = []
